{
  "name": "formality-io",
  "version": "0.1.0",
  "lockfileVersion": 1,
  "requires": true,
  "dependencies": {
    "formality-lang": {
      "version": "0.1.17",
      "resolved": "https://registry.npmjs.org/formality-lang/-/formality-lang-0.1.17.tgz",
      "integrity": "sha512-4dGrPaeSiEjaMeujiDGvCpxKmGEgpBm/pUlG7P2ZRA+bUHDykAs8iQkxGv+i7KrxWaZE0BZyYhF8/jG/PQiwoQ=="
    }
  }
}
