{
  "name": "formality-io",
  "version": "0.1.20",
  "lockfileVersion": 1,
  "requires": true,
  "dependencies": {
    "formality-lang": {
      "version": "0.1.20",
      "resolved": "https://registry.npmjs.org/formality-lang/-/formality-lang-0.1.20.tgz",
      "integrity": "sha512-+1ilgcHyWz5PRR8Int/ABB9lxfHdCdBEiq/mSm1RRTq0Q6ARSnJn1Ew4sHwM+co67sFPHOW0ITcMLeaobeuBiw=="
    },
    "formality-stdlib": {
      "version": "0.1.2",
      "resolved": "https://registry.npmjs.org/formality-stdlib/-/formality-stdlib-0.1.2.tgz",
      "integrity": "sha512-T7N+r6mS0exIC0oBQ+zp9ibrKaxxw0fYjy0iCZeD520PcX4JJcPr7IEHR56UTcf39vsjfwVP7gJrRKRelaYPcA==",
      "dev": true
    },
    "formality-sugars": {
      "version": "0.1.20",
      "resolved": "https://registry.npmjs.org/formality-sugars/-/formality-sugars-0.1.20.tgz",
      "integrity": "sha512-arGFmbkIl2gf9weqvqxjYxATMblTeLeimScPD3vMWrmeFr7OPXzx0MrtTA5M/sYuhARn0+mejGy6f9lUs/duzQ==",
      "requires": {
        "formality-lang": "^0.1.20"
      }
    }
  }
}
